// !$*UTF8*$!
{
	archiveVersion = 1;
	classes = {
	};
	objectVersion = 50;
	objects = {

/* Begin PBXBuildFile section */
		85956B9923BC9F5F000361BF /* AppDelegate.swift in Sources */ = {isa = PBXBuildFile; fileRef = 85956B9823BC9F5F000361BF /* AppDelegate.swift */; };
		85956B9E23BC9F5F000361BF /* Main.storyboard in Resources */ = {isa = PBXBuildFile; fileRef = 85956B9C23BC9F5F000361BF /* Main.storyboard */; };
		85956BA123BC9F5F000361BF /* TableView.xcdatamodeld in Sources */ = {isa = PBXBuildFile; fileRef = 85956B9F23BC9F5F000361BF /* TableView.xcdatamodeld */; };
		85956BA323BC9F68000361BF /* Assets.xcassets in Resources */ = {isa = PBXBuildFile; fileRef = 85956BA223BC9F68000361BF /* Assets.xcassets */; };
		85956BA623BC9F68000361BF /* LaunchScreen.storyboard in Resources */ = {isa = PBXBuildFile; fileRef = 85956BA423BC9F68000361BF /* LaunchScreen.storyboard */; };
		85956BBC23BC9F68000361BF /* TableViewUITests.swift in Sources */ = {isa = PBXBuildFile; fileRef = 85956BBB23BC9F68000361BF /* TableViewUITests.swift */; };
		85956BCA23BC9FBD000361BF /* VideoListViewController.swift in Sources */ = {isa = PBXBuildFile; fileRef = 85956BC923BC9FBD000361BF /* VideoListViewController.swift */; };
		85956BCD23BCAC35000361BF /* Videocell.swift in Sources */ = {isa = PBXBuildFile; fileRef = 85956BCC23BCAC35000361BF /* Videocell.swift */; };
		85956BCF23BCB296000361BF /* Video.swift in Sources */ = {isa = PBXBuildFile; fileRef = 85956BCE23BCB296000361BF /* Video.swift */; };
		85CFBE9423BE0E3F00326FE4 /* PassDataViewController.swift in Sources */ = {isa = PBXBuildFile; fileRef = 85CFBE9323BE0E3F00326FE4 /* PassDataViewController.swift */; };
/* End PBXBuildFile section */

/* Begin PBXContainerItemProxy section */
		85956BAD23BC9F68000361BF /* PBXContainerItemProxy */ = {
			isa = PBXContainerItemProxy;
			containerPortal = 85956B8D23BC9F5F000361BF /* Project object */;
			proxyType = 1;
			remoteGlobalIDString = 85956B9423BC9F5F000361BF;
			remoteInfo = TableView;
		};
		85956BB823BC9F68000361BF /* PBXContainerItemProxy */ = {
			isa = PBXContainerItemProxy;
			containerPortal = 85956B8D23BC9F5F000361BF /* Project object */;
			proxyType = 1;
			remoteGlobalIDString = 85956B9423BC9F5F000361BF;
			remoteInfo = TableView;
		};
/* End PBXContainerItemProxy section */

/* Begin PBXFileReference section */
		85956B9523BC9F5F000361BF /* TableView.app */ = {isa = PBXFileReference; explicitFileType = wrapper.application; includeInIndex = 0; path = TableView.app; sourceTree = BUILT_PRODUCTS_DIR; };
		85956B9823BC9F5F000361BF /* AppDelegate.swift */ = {isa = PBXFileReference; lastKnownFileType = sourcecode.swift; path = AppDelegate.swift; sourceTree = "<group>"; };
		85956B9D23BC9F5F000361BF /* Base */ = {isa = PBXFileReference; lastKnownFileType = file.storyboard; name = Base; path = Base.lproj/Main.storyboard; sourceTree = "<group>"; };
		85956BA023BC9F5F000361BF /* TableView.xcdatamodel */ = {isa = PBXFileReference; lastKnownFileType = wrapper.xcdatamodel; path = TableView.xcdatamodel; sourceTree = "<group>"; };
		85956BA223BC9F68000361BF /* Assets.xcassets */ = {isa = PBXFileReference; lastKnownFileType = folder.assetcatalog; path = Assets.xcassets; sourceTree = "<group>"; };
		85956BA523BC9F68000361BF /* Base */ = {isa = PBXFileReference; lastKnownFileType = file.storyboard; name = Base; path = Base.lproj/LaunchScreen.storyboard; sourceTree = "<group>"; };
		85956BA723BC9F68000361BF /* Info.plist */ = {isa = PBXFileReference; lastKnownFileType = text.plist.xml; path = Info.plist; sourceTree = "<group>"; };
		85956BAC23BC9F68000361BF /* TableViewTests.xctest */ = {isa = PBXFileReference; explicitFileType = wrapper.cfbundle; includeInIndex = 0; path = TableViewTests.xctest; sourceTree = BUILT_PRODUCTS_DIR; };
		85956BB223BC9F68000361BF /* Info.plist */ = {isa = PBXFileReference; lastKnownFileType = text.plist.xml; path = Info.plist; sourceTree = "<group>"; };
		85956BB723BC9F68000361BF /* TableViewUITests.xctest */ = {isa = PBXFileReference; explicitFileType = wrapper.cfbundle; includeInIndex = 0; path = TableViewUITests.xctest; sourceTree = BUILT_PRODUCTS_DIR; };
		85956BBB23BC9F68000361BF /* TableViewUITests.swift */ = {isa = PBXFileReference; lastKnownFileType = sourcecode.swift; path = TableViewUITests.swift; sourceTree = "<group>"; };
		85956BBD23BC9F68000361BF /* Info.plist */ = {isa = PBXFileReference; lastKnownFileType = text.plist.xml; path = Info.plist; sourceTree = "<group>"; };
		85956BC923BC9FBD000361BF /* VideoListViewController.swift */ = {isa = PBXFileReference; lastKnownFileType = sourcecode.swift; path = VideoListViewController.swift; sourceTree = "<group>"; };
		85956BCC23BCAC35000361BF /* Videocell.swift */ = {isa = PBXFileReference; lastKnownFileType = sourcecode.swift; path = Videocell.swift; sourceTree = "<group>"; };
		85956BCE23BCB296000361BF /* Video.swift */ = {isa = PBXFileReference; lastKnownFileType = sourcecode.swift; path = Video.swift; sourceTree = "<group>"; };
		85CFBE9323BE0E3F00326FE4 /* PassDataViewController.swift */ = {isa = PBXFileReference; lastKnownFileType = sourcecode.swift; path = PassDataViewController.swift; sourceTree = "<group>"; };
/* End PBXFileReference section */

/* Begin PBXFrameworksBuildPhase section */
		85956B9223BC9F5F000361BF /* Frameworks */ = {
			isa = PBXFrameworksBuildPhase;
			buildActionMask = 2147483647;
			files = (
			);
			runOnlyForDeploymentPostprocessing = 0;
		};
		85956BA923BC9F68000361BF /* Frameworks */ = {
			isa = PBXFrameworksBuildPhase;
			buildActionMask = 2147483647;
			files = (
			);
			runOnlyForDeploymentPostprocessing = 0;
		};
		85956BB423BC9F68000361BF /* Frameworks */ = {
			isa = PBXFrameworksBuildPhase;
			buildActionMask = 2147483647;
			files = (
			);
			runOnlyForDeploymentPostprocessing = 0;
		};
/* End PBXFrameworksBuildPhase section */

/* Begin PBXGroup section */
		85956B8C23BC9F5F000361BF = {
			isa = PBXGroup;
			children = (
				85956B9723BC9F5F000361BF /* TableView */,
				85956BAF23BC9F68000361BF /* TableViewTests */,
				85956BBA23BC9F68000361BF /* TableViewUITests */,
				85956B9623BC9F5F000361BF /* Products */,
			);
			sourceTree = "<group>";
		};
		85956B9623BC9F5F000361BF /* Products */ = {
			isa = PBXGroup;
			children = (
				85956B9523BC9F5F000361BF /* TableView.app */,
				85956BAC23BC9F68000361BF /* TableViewTests.xctest */,
				85956BB723BC9F68000361BF /* TableViewUITests.xctest */,
			);
			name = Products;
			sourceTree = "<group>";
		};
		85956B9723BC9F5F000361BF /* TableView */ = {
			isa = PBXGroup;
			children = (
				85956B9823BC9F5F000361BF /* AppDelegate.swift */,
				85956BC923BC9FBD000361BF /* VideoListViewController.swift */,
				85956BCC23BCAC35000361BF /* Videocell.swift */,
				85956BCE23BCB296000361BF /* Video.swift */,
				85CFBE9323BE0E3F00326FE4 /* PassDataViewController.swift */,
				85956B9C23BC9F5F000361BF /* Main.storyboard */,
				85956BA223BC9F68000361BF /* Assets.xcassets */,
				85956BA423BC9F68000361BF /* LaunchScreen.storyboard */,
				85956BA723BC9F68000361BF /* Info.plist */,
				85956B9F23BC9F5F000361BF /* TableView.xcdatamodeld */,
			);
			path = TableView;
			sourceTree = "<group>";
		};
		85956BAF23BC9F68000361BF /* TableViewTests */ = {
			isa = PBXGroup;
			children = (
				85956BB223BC9F68000361BF /* Info.plist */,
			);
			path = TableViewTests;
			sourceTree = "<group>";
		};
		85956BBA23BC9F68000361BF /* TableViewUITests */ = {
			isa = PBXGroup;
			children = (
				85956BBB23BC9F68000361BF /* TableViewUITests.swift */,
				85956BBD23BC9F68000361BF /* Info.plist */,
			);
			path = TableViewUITests;
			sourceTree = "<group>";
		};
/* End PBXGroup section */

/* Begin PBXNativeTarget section */
		85956B9423BC9F5F000361BF /* TableView */ = {
			isa = PBXNativeTarget;
			buildConfigurationList = 85956BC023BC9F68000361BF /* Build configuration list for PBXNativeTarget "TableView" */;
			buildPhases = (
				85956B9123BC9F5F000361BF /* Sources */,
				85956B9223BC9F5F000361BF /* Frameworks */,
				85956B9323BC9F5F000361BF /* Resources */,
			);
			buildRules = (
			);
			dependencies = (
			);
			name = TableView;
			productName = TableView;
			productReference = 85956B9523BC9F5F000361BF /* TableView.app */;
			productType = "com.apple.product-type.application";
		};
		85956BAB23BC9F68000361BF /* TableViewTests */ = {
			isa = PBXNativeTarget;
			buildConfigurationList = 85956BC323BC9F68000361BF /* Build configuration list for PBXNativeTarget "TableViewTests" */;
			buildPhases = (
				85956BA823BC9F68000361BF /* Sources */,
				85956BA923BC9F68000361BF /* Frameworks */,
				85956BAA23BC9F68000361BF /* Resources */,
			);
			buildRules = (
			);
			dependencies = (
				85956BAE23BC9F68000361BF /* PBXTargetDependency */,
			);
			name = TableViewTests;
			productName = TableViewTests;
			productReference = 85956BAC23BC9F68000361BF /* TableViewTests.xctest */;
			productType = "com.apple.product-type.bundle.unit-test";
		};
		85956BB623BC9F68000361BF /* TableViewUITests */ = {
			isa = PBXNativeTarget;
			buildConfigurationList = 85956BC623BC9F68000361BF /* Build configuration list for PBXNativeTarget "TableViewUITests" */;
			buildPhases = (
				85956BB323BC9F68000361BF /* Sources */,
				85956BB423BC9F68000361BF /* Frameworks */,
				85956BB523BC9F68000361BF /* Resources */,
			);
			buildRules = (
			);
			dependencies = (
				85956BB923BC9F68000361BF /* PBXTargetDependency */,
			);
			name = TableViewUITests;
			productName = TableViewUITests;
			productReference = 85956BB723BC9F68000361BF /* TableViewUITests.xctest */;
			productType = "com.apple.product-type.bundle.ui-testing";
		};
/* End PBXNativeTarget section */

/* Begin PBXProject section */
		85956B8D23BC9F5F000361BF /* Project object */ = {
			isa = PBXProject;
			attributes = {
				LastSwiftUpdateCheck = 1000;
				LastUpgradeCheck = 1000;
				ORGANIZATIONNAME = "U.M. Hamidul islam";
				TargetAttributes = {
					85956B9423BC9F5F000361BF = {
						CreatedOnToolsVersion = 10.0;
					};
					85956BAB23BC9F68000361BF = {
						CreatedOnToolsVersion = 10.0;
						TestTargetID = 85956B9423BC9F5F000361BF;
					};
					85956BB623BC9F68000361BF = {
						CreatedOnToolsVersion = 10.0;
						TestTargetID = 85956B9423BC9F5F000361BF;
					};
				};
			};
			buildConfigurationList = 85956B9023BC9F5F000361BF /* Build configuration list for PBXProject "TableView" */;
			compatibilityVersion = "Xcode 9.3";
			developmentRegion = en;
			hasScannedForEncodings = 0;
			knownRegions = (
				en,
				Base,
			);
			mainGroup = 85956B8C23BC9F5F000361BF;
			productRefGroup = 85956B9623BC9F5F000361BF /* Products */;
			projectDirPath = "";
			projectRoot = "";
			targets = (
				85956B9423BC9F5F000361BF /* TableView */,
				85956BAB23BC9F68000361BF /* TableViewTests */,
				85956BB623BC9F68000361BF /* TableViewUITests */,
			);
		};
/* End PBXProject section */

/* Begin PBXResourcesBuildPhase section */
		85956B9323BC9F5F000361BF /* Resources */ = {
			isa = PBXResourcesBuildPhase;
			buildActionMask = 2147483647;
			files = (
				85956BA623BC9F68000361BF /* LaunchScreen.storyboard in Resources */,
				85956BA323BC9F68000361BF /* Assets.xcassets in Resources */,
				85956B9E23BC9F5F000361BF /* Main.storyboard in Resources */,
			);
			runOnlyForDeploymentPostprocessing = 0;
		};
		85956BAA23BC9F68000361BF /* Resources */ = {
			isa = PBXResourcesBuildPhase;
			buildActionMask = 2147483647;
			files = (
			);
			runOnlyForDeploymentPostprocessing = 0;
		};
		85956BB523BC9F68000361BF /* Resources */ = {
			isa = PBXResourcesBuildPhase;
			buildActionMask = 2147483647;
			files = (
			);
			runOnlyForDeploymentPostprocessing = 0;
		};
/* End PBXResourcesBuildPhase section */

/* Begin PBXSourcesBuildPhase section */
		85956B9123BC9F5F000361BF /* Sources */ = {
			isa = PBXSourcesBuildPhase;
			buildActionMask = 2147483647;
			files = (
				85956BA123BC9F5F000361BF /* TableView.xcdatamodeld in Sources */,
				85956BCD23BCAC35000361BF /* Videocell.swift in Sources */,
				85956BCA23BC9FBD000361BF /* VideoListViewController.swift in Sources */,
				85CFBE9423BE0E3F00326FE4 /* PassDataViewController.swift in Sources */,
				85956B9923BC9F5F000361BF /* AppDelegate.swift in Sources */,
				85956BCF23BCB296000361BF /* Video.swift in Sources */,
			);
			runOnlyForDeploymentPostprocessing = 0;
		};
		85956BA823BC9F68000361BF /* Sources */ = {
			isa = PBXSourcesBuildPhase;
			buildActionMask = 2147483647;
			files = (
			);
			runOnlyForDeploymentPostprocessing = 0;
		};
		85956BB323BC9F68000361BF /* Sources */ = {
			isa = PBXSourcesBuildPhase;
			buildActionMask = 2147483647;
			files = (
				85956BBC23BC9F68000361BF /* TableViewUITests.swift in Sources */,
			);
			runOnlyForDeploymentPostprocessing = 0;
		};
/* End PBXSourcesBuildPhase section */

/* Begin PBXTargetDependency section */
		85956BAE23BC9F68000361BF /* PBXTargetDependency */ = {
			isa = PBXTargetDependency;
			target = 85956B9423BC9F5F000361BF /* TableView */;
			targetProxy = 85956BAD23BC9F68000361BF /* PBXContainerItemProxy */;
		};
		85956BB923BC9F68000361BF /* PBXTargetDependency */ = {
			isa = PBXTargetDependency;
			target = 85956B9423BC9F5F000361BF /* TableView */;
			targetProxy = 85956BB823BC9F68000361BF /* PBXContainerItemProxy */;
		};
/* End PBXTargetDependency section */

/* Begin PBXVariantGroup section */
		85956B9C23BC9F5F000361BF /* Main.storyboard */ = {
			isa = PBXVariantGroup;
			children = (
				85956B9D23BC9F5F000361BF /* Base */,
			);
			name = Main.storyboard;
			sourceTree = "<group>";
		};
		85956BA423BC9F68000361BF /* LaunchScreen.storyboard */ = {
			isa = PBXVariantGroup;
			children = (
				85956BA523BC9F68000361BF /* Base */,
			);
			name = LaunchScreen.storyboard;
			sourceTree = "<group>";
		};
/* End PBXVariantGroup section */

/* Begin XCBuildConfiguration section */
		85956BBE23BC9F68000361BF /* Debug */ = {
			isa = XCBuildConfiguration;
			buildSettings = {
				ALWAYS_SEARCH_USER_PATHS = NO;
				CLANG_ANALYZER_NONNULL = YES;
				CLANG_ANALYZER_NUMBER_OBJECT_CONVERSION = YES_AGGRESSIVE;
				CLANG_CXX_LANGUAGE_STANDARD = "gnu++14";
				CLANG_CXX_LIBRARY = "libc++";
				CLANG_ENABLE_MODULES = YES;
				CLANG_ENABLE_OBJC_ARC = YES;
				CLANG_ENABLE_OBJC_WEAK = YES;
				CLANG_WARN_BLOCK_CAPTURE_AUTORELEASING = YES;
				CLANG_WARN_BOOL_CONVERSION = YES;
				CLANG_WARN_COMMA = YES;
				CLANG_WARN_CONSTANT_CONVERSION = YES;
				CLANG_WARN_DEPRECATED_OBJC_IMPLEMENTATIONS = YES;
				CLANG_WARN_DIRECT_OBJC_ISA_USAGE = YES_ERROR;
				CLANG_WARN_DOCUMENTATION_COMMENTS = YES;
				CLANG_WARN_EMPTY_BODY = YES;
				CLANG_WARN_ENUM_CONVERSION = YES;
				CLANG_WARN_INFINITE_RECURSION = YES;
				CLANG_WARN_INT_CONVERSION = YES;
				CLANG_WARN_NON_LITERAL_NULL_CONVERSION = YES;
				CLANG_WARN_OBJC_IMPLICIT_RETAIN_SELF = YES;
				CLANG_WARN_OBJC_LITERAL_CONVERSION = YES;
				CLANG_WARN_OBJC_ROOT_CLASS = YES_ERROR;
				CLANG_WARN_RANGE_LOOP_ANALYSIS = YES;
				CLANG_WARN_STRICT_PROTOTYPES = YES;
				CLANG_WARN_SUSPICIOUS_MOVE = YES;
				CLANG_WARN_UNGUARDED_AVAILABILITY = YES_AGGRESSIVE;
				CLANG_WARN_UNREACHABLE_CODE = YES;
				CLANG_WARN__DUPLICATE_METHOD_MATCH = YES;
				CODE_SIGN_IDENTITY = "iPhone Developer";
				COPY_PHASE_STRIP = NO;
				DEBUG_INFORMATION_FORMAT = dwarf;
				ENABLE_STRICT_OBJC_MSGSEND = YES;
				ENABLE_TESTABILITY = YES;
				GCC_C_LANGUAGE_STANDARD = gnu11;
				GCC_DYNAMIC_NO_PIC = NO;
				GCC_NO_COMMON_BLOCKS = YES;
				GCC_OPTIMIZATION_LEVEL = 0;
				GCC_PREPROCESSOR_DEFINITIONS = (
					"DEBUG=1",
					"$(inherited)",
				);
				GCC_WARN_64_TO_32_BIT_CONVERSION = YES;
				GCC_WARN_ABOUT_RETURN_TYPE = YES_ERROR;
				GCC_WARN_UNDECLARED_SELECTOR = YES;
				GCC_WARN_UNINITIALIZED_AUTOS = YES_AGGRESSIVE;
				GCC_WARN_UNUSED_FUNCTION = YES;
				GCC_WARN_UNUSED_VARIABLE = YES;
				IPHONEOS_DEPLOYMENT_TARGET = 12.0;
				MTL_ENABLE_DEBUG_INFO = INCLUDE_SOURCE;
				MTL_FAST_MATH = YES;
				ONLY_ACTIVE_ARCH = YES;
				SDKROOT = iphoneos;
				SWIFT_ACTIVE_COMPILATION_CONDITIONS = DEBUG;
				SWIFT_OPTIMIZATION_LEVEL = "-Onone";
			};
			name = Debug;
		};
		85956BBF23BC9F68000361BF /* Release */ = {
			isa = XCBuildConfiguration;
			buildSettings = {
				ALWAYS_SEARCH_USER_PATHS = NO;
				CLANG_ANALYZER_NONNULL = YES;
				CLANG_ANALYZER_NUMBER_OBJECT_CONVERSION = YES_AGGRESSIVE;
				CLANG_CXX_LANGUAGE_STANDARD = "gnu++14";
				CLANG_CXX_LIBRARY = "libc++";
				CLANG_ENABLE_MODULES = YES;
				CLANG_ENABLE_OBJC_ARC = YES;
				CLANG_ENABLE_OBJC_WEAK = YES;
				CLANG_WARN_BLOCK_CAPTURE_AUTORELEASING = YES;
				CLANG_WARN_BOOL_CONVERSION = YES;
				CLANG_WARN_COMMA = YES;
				CLANG_WARN_CONSTANT_CONVERSION = YES;
				CLANG_WARN_DEPRECATED_OBJC_IMPLEMENTATIONS = YES;
				CLANG_WARN_DIRECT_OBJC_ISA_USAGE = YES_ERROR;
				CLANG_WARN_DOCUMENTATION_COMMENTS = YES;
				CLANG_WARN_EMPTY_BODY = YES;
				CLANG_WARN_ENUM_CONVERSION = YES;
				CLANG_WARN_INFINITE_RECURSION = YES;
				CLANG_WARN_INT_CONVERSION = YES;
				CLANG_WARN_NON_LITERAL_NULL_CONVERSION = YES;
				CLANG_WARN_OBJC_IMPLICIT_RETAIN_SELF = YES;
				CLANG_WARN_OBJC_LITERAL_CONVERSION = YES;
				CLANG_WARN_OBJC_ROOT_CLASS = YES_ERROR;
				CLANG_WARN_RANGE_LOOP_ANALYSIS = YES;
				CLANG_WARN_STRICT_PROTOTYPES = YES;
				CLANG_WARN_SUSPICIOUS_MOVE = YES;
				CLANG_WARN_UNGUARDED_AVAILABILITY = YES_AGGRESSIVE;
				CLANG_WARN_UNREACHABLE_CODE = YES;
				CLANG_WARN__DUPLICATE_METHOD_MATCH = YES;
				CODE_SIGN_IDENTITY = "iPhone Developer";
				COPY_PHASE_STRIP = NO;
				DEBUG_INFORMATION_FORMAT = "dwarf-with-dsym";
				ENABLE_NS_ASSERTIONS = NO;
				ENABLE_STRICT_OBJC_MSGSEND = YES;
				GCC_C_LANGUAGE_STANDARD = gnu11;
				GCC_NO_COMMON_BLOCKS = YES;
				GCC_WARN_64_TO_32_BIT_CONVERSION = YES;
				GCC_WARN_ABOUT_RETURN_TYPE = YES_ERROR;
				GCC_WARN_UNDECLARED_SELECTOR = YES;
				GCC_WARN_UNINITIALIZED_AUTOS = YES_AGGRESSIVE;
				GCC_WARN_UNUSED_FUNCTION = YES;
				GCC_WARN_UNUSED_VARIABLE = YES;
				IPHONEOS_DEPLOYMENT_TARGET = 12.0;
				MTL_ENABLE_DEBUG_INFO = NO;
				MTL_FAST_MATH = YES;
				SDKROOT = iphoneos;
				SWIFT_COMPILATION_MODE = wholemodule;
				SWIFT_OPTIMIZATION_LEVEL = "-O";
				VALIDATE_PRODUCT = YES;
			};
			name = Release;
		};
		85956BC123BC9F68000361BF /* Debug */ = {
			isa = XCBuildConfiguration;
			buildSettings = {
				ASSETCATALOG_COMPILER_APPICON_NAME = AppIcon;
				CODE_SIGN_STYLE = Automatic;
				INFOPLIST_FILE = TableView/Info.plist;
				LD_RUNPATH_SEARCH_PATHS = (
					"$(inherited)",
					"@executable_path/Frameworks",
				);
				PRODUCT_BUNDLE_IDENTIFIER = login.TableView;
				PRODUCT_NAME = "$(TARGET_NAME)";
				SWIFT_VERSION = 4.2;
				TARGETED_DEVICE_FAMILY = "1,2";
			};
			name = Debug;
		};
		85956BC223BC9F68000361BF /* Release */ = {
			isa = XCBuildConfiguration;
			buildSettings = {
				ASSETCATALOG_COMPILER_APPICON_NAME = AppIcon;
				CODE_SIGN_STYLE = Automatic;
				INFOPLIST_FILE = TableView/Info.plist;
				LD_RUNPATH_SEARCH_PATHS = (
					"$(inherited)",
					"@executable_path/Frameworks",
				);
				PRODUCT_BUNDLE_IDENTIFIER = login.TableView;
				PRODUCT_NAME = "$(TARGET_NAME)";
				SWIFT_VERSION = 4.2;
				TARGETED_DEVICE_FAMILY = "1,2";
			};
			name = Release;
		};
		85956BC423BC9F68000361BF /* Debug */ = {
			isa = XCBuildConfiguration;
			buildSettings = {
				ALWAYS_EMBED_SWIFT_STANDARD_LIBRARIES = YES;
				BUNDLE_LOADER = "$(TEST_HOST)";
				CODE_SIGN_STYLE = Automatic;
				INFOPLIST_FILE = TableViewTests/Info.plist;
				LD_RUNPATH_SEARCH_PATHS = (
					"$(inherited)",
					"@executable_path/Frameworks",
					"@loader_path/Frameworks",
				);
				PRODUCT_BUNDLE_IDENTIFIER = login.TableViewTests;
				PRODUCT_NAME = "$(TARGET_NAME)";
				SWIFT_VERSION = 4.2;
				TARGETED_DEVICE_FAMILY = "1,2";
				TEST_HOST = "$(BUILT_PRODUCTS_DIR)/TableView.app/TableView";
			};
			name = Debug;
		};
		85956BC523BC9F68000361BF /* Release */ = {
			isa = XCBuildConfiguration;
			buildSettings = {
				ALWAYS_EMBED_SWIFT_STANDARD_LIBRARIES = YES;
				BUNDLE_LOADER = "$(TEST_HOST)";
				CODE_SIGN_STYLE = Automatic;
				INFOPLIST_FILE = TableViewTests/Info.plist;
				LD_RUNPATH_SEARCH_PATHS = (
					"$(inherited)",
					"@executable_path/Frameworks",
					"@loader_path/Frameworks",
				);
				PRODUCT_BUNDLE_IDENTIFIER = login.TableViewTests;
				PRODUCT_NAME = "$(TARGET_NAME)";
				SWIFT_VERSION = 4.2;
				TARGETED_DEVICE_FAMILY = "1,2";
				TEST_HOST = "$(BUILT_PRODUCTS_DIR)/TableView.app/TableView";
			};
			name = Release;
		};
		85956BC723BC9F68000361BF /* Debug */ = {
			isa = XCBuildConfiguration;
			buildSettings = {
				ALWAYS_EMBED_SWIFT_STANDARD_LIBRARIES = YES;
				CODE_SIGN_STYLE = Automatic;
				INFOPLIST_FILE = TableViewUITests/Info.plist;
				LD_RUNPATH_SEARCH_PATHS = (
					"$(inherited)",
					"@executable_path/Frameworks",
					"@loader_path/Frameworks",
				);
				PRODUCT_BUNDLE_IDENTIFIER = login.TableViewUITests;
				PRODUCT_NAME = "$(TARGET_NAME)";
				SWIFT_VERSION = 4.2;
				TARGETED_DEVICE_FAMILY = "1,2";
				TEST_TARGET_NAME = TableView;
			};
			name = Debug;
		};
		85956BC823BC9F68000361BF /* Release */ = {
			isa = XCBuildConfiguration;
			buildSettings = {
				ALWAYS_EMBED_SWIFT_STANDARD_LIBRARIES = YES;
				CODE_SIGN_STYLE = Automatic;
				INFOPLIST_FILE = TableViewUITests/Info.plist;
				LD_RUNPATH_SEARCH_PATHS = (
					"$(inherited)",
					"@executable_path/Frameworks",
					"@loader_path/Frameworks",
				);
				PRODUCT_BUNDLE_IDENTIFIER = login.TableViewUITests;
				PRODUCT_NAME = "$(TARGET_NAME)";
				SWIFT_VERSION = 4.2;
				TARGETED_DEVICE_FAMILY = "1,2";
				TEST_TARGET_NAME = TableView;
			};
			name = Release;
		};
/* End XCBuildConfiguration section */

/* Begin XCConfigurationList section */
		85956B9023BC9F5F000361BF /* Build configuration list for PBXProject "TableView" */ = {
			isa = XCConfigurationList;
			buildConfigurations = (
				85956BBE23BC9F68000361BF /* Debug */,
				85956BBF23BC9F68000361BF /* Release */,
			);
			defaultConfigurationIsVisible = 0;
			defaultConfigurationName = Release;
		};
		85956BC023BC9F68000361BF /* Build configuration list for PBXNativeTarget "TableView" */ = {
			isa = XCConfigurationList;
			buildConfigurations = (
				85956BC123BC9F68000361BF /* Debug */,
				85956BC223BC9F68000361BF /* Release */,
			);
			defaultConfigurationIsVisible = 0;
			defaultConfigurationName = Release;
		};
		85956BC323BC9F68000361BF /* Build configuration list for PBXNativeTarget "TableViewTests" */ = {
			isa = XCConfigurationList;
			buildConfigurations = (
				85956BC423BC9F68000361BF /* Debug */,
				85956BC523BC9F68000361BF /* Release */,
			);
			defaultConfigurationIsVisible = 0;
			defaultConfigurationName = Release;
		};
		85956BC623BC9F68000361BF /* Build configuration list for PBXNativeTarget "TableViewUITests" */ = {
			isa = XCConfigurationList;
			buildConfigurations = (
				85956BC723BC9F68000361BF /* Debug */,
				85956BC823BC9F68000361BF /* Release */,
			);
			defaultConfigurationIsVisible = 0;
			defaultConfigurationName = Release;
		};
/* End XCConfigurationList section */

/* Begin XCVersionGroup section */
		85956B9F23BC9F5F000361BF /* TableView.xcdatamodeld */ = {
			isa = XCVersionGroup;
			children = (
				85956BA023BC9F5F000361BF /* TableView.xcdatamodel */,
			);
			currentVersion = 85956BA023BC9F5F000361BF /* TableView.xcdatamodel */;
			path = TableView.xcdatamodeld;
			sourceTree = "<group>";
			versionGroupType = wrapper.xcdatamodel;
		};
/* End XCVersionGroup section */
	};
	rootObject = 85956B8D23BC9F5F000361BF /* Project object */;
}
